
Microsoft Visual Studio Solution File, Format Version 12.00
# Visual Studio Version 16
VisualStudioVersion = 16.0.31515.178
MinimumVisualStudioVersion = 10.0.40219.1
Project("{FAE04EC0-301F-11D3-BF4B-00C04F79EFBC}") = "Petcord", "Petcord\Petcord.csproj", "{E44CECAC-BD26-4013-972E-3F73A87AC601}"
EndProject
Global
	GlobalSection(SolutionConfigurationPlatforms) = preSolution
		Debug|Any CPU = Debug|Any CPU
		Release|Any CPU = Release|Any CPU
	EndGlobalSection
	GlobalSection(ProjectConfigurationPlatforms) = postSolution
		{E44CECAC-BD26-4013-972E-3F73A87AC601}.Debug|Any CPU.ActiveCfg = Debug|Any CPU
		{E44CECAC-BD26-4013-972E-3F73A87AC601}.Debug|Any CPU.Build.0 = Debug|Any CPU
		{E44CECAC-BD26-4013-972E-3F73A87AC601}.Release|Any CPU.ActiveCfg = Release|Any CPU
		{E44CECAC-BD26-4013-972E-3F73A87AC601}.Release|Any CPU.Build.0 = Release|Any CPU
	EndGlobalSection
	GlobalSection(SolutionProperties) = preSolution
		HideSolutionNode = FALSE
	EndGlobalSection
	GlobalSection(ExtensibilityGlobals) = postSolution
		SolutionGuid = {F0C0DA91-E5E9-4003-9E30-EB8F57E6DEA5}
	EndGlobalSection
EndGlobal
